dependencies:
- name: postgresql
  repository: https://charts.bitnami.com/bitnami
  version: 18.0.11
- name: generic-chart
  repository: oci://registry-1.docker.io/franjofranjic
  version: 0.2.1
- name: generic-chart
  repository: oci://registry-1.docker.io/franjofranjic
  version: 0.2.1
- name: generic-chart
  repository: oci://registry-1.docker.io/franjofranjic
  version: 0.2.1
digest: sha256:0edb142938d8703d9dce2c25989712020e15562f68e02d4f7d3cfb565d675c8f
generated: "2025-10-13T15:48:06.314276+02:00"
