dependencies:
- name: kafka
  repository: oci://registry-1.docker.io/bitnamicharts
  version: 32.4.3
- name: postgresql
  repository: https://charts.bitnami.com/bitnami
  version: 18.0.11
- name: generic-chart
  repository: oci://registry-1.docker.io/franjofranjic
  version: 0.2.1
- name: generic-chart
  repository: oci://registry-1.docker.io/franjofranjic
  version: 0.2.1
- name: generic-chart
  repository: oci://registry-1.docker.io/franjofranjic
  version: 0.2.1
digest: sha256:47a5406ca476ab9669896d4a13ef4692b728cd7caa946ff5da4ee54a86dd27f6
generated: "2025-10-13T15:20:26.460611+02:00"
