dependencies:
- name: kafka
  repository: https://charts.bitnami.com/bitnami
  version: 26.2.0
- name: postgresql
  repository: https://charts.bitnami.com/bitnami
  version: 12.1.5
- name: generic-chart
  repository: oci://registry-1.docker.io/franjofranjic
  version: 0.1.0
- name: generic-chart
  repository: oci://registry-1.docker.io/franjofranjic
  version: 0.1.0
- name: generic-chart
  repository: oci://registry-1.docker.io/franjofranjic
  version: 0.1.0
digest: sha256:76bd00bf2b0b9940d8dc336d375bf892c91c70eec7cbf7787b2bbc5c20cb462b
generated: "2025-10-12T21:21:12.951059+02:00"
